{
  "name": "@nestdevlab/openclaw-plugin-extra-message-policy",
  "version": "0.1.0",
  "lockfileVersion": 3,
  "requires": true,
  "packages": {
    "": {
      "name": "@nestdevlab/openclaw-plugin-extra-message-policy",
      "version": "0.1.0",
      "license": "MIT",
      "peerDependencies": {
        "openclaw": ">=2026.3.24-beta.2"
      },
      "peerDependenciesMeta": {
        "openclaw": {
          "optional": true
        }
      }
    }
  }
}
